// !$*UTF8*$!
{
	archiveVersion = 1;
	classes = {
	};
	objectVersion = 50;
	objects = {

/* Begin PBXBuildFile section */
		8465D0FC20FC437A002135DE /* AppDelegate.swift in Sources */ = {isa = PBXBuildFile; fileRef = 8465D0FB20FC437A002135DE /* AppDelegate.swift */; };
		8465D0FE20FC437A002135DE /* ViewController.swift in Sources */ = {isa = PBXBuildFile; fileRef = 8465D0FD20FC437A002135DE /* ViewController.swift */; };
		8465D10120FC437A002135DE /* Main.storyboard in Resources */ = {isa = PBXBuildFile; fileRef = 8465D0FF20FC437A002135DE /* Main.storyboard */; };
		8465D10320FC437B002135DE /* Assets.xcassets in Resources */ = {isa = PBXBuildFile; fileRef = 8465D10220FC437B002135DE /* Assets.xcassets */; };
		8465D10620FC437B002135DE /* LaunchScreen.storyboard in Resources */ = {isa = PBXBuildFile; fileRef = 8465D10420FC437B002135DE /* LaunchScreen.storyboard */; };
		8465D10F20FC461B002135DE /* NormalScreenShotViewController.swift in Sources */ = {isa = PBXBuildFile; fileRef = 8465D10D20FC461B002135DE /* NormalScreenShotViewController.swift */; };
		8465D11220FC5D5E002135DE /* ResultViewController.swift in Sources */ = {isa = PBXBuildFile; fileRef = 8465D11120FC5D5E002135DE /* ResultViewController.swift */; };
		8465D11420FC744F002135DE /* LongScreenShotViewController.swift in Sources */ = {isa = PBXBuildFile; fileRef = 8465D11320FC744F002135DE /* LongScreenShotViewController.swift */; };
		977BD1E31C669A05094D87A2 /* Pods_ScreenShot.framework in Frameworks */ = {isa = PBXBuildFile; fileRef = 247AF069E877485E071E6ADF /* Pods_ScreenShot.framework */; };
/* End PBXBuildFile section */

/* Begin PBXFileReference section */
		247AF069E877485E071E6ADF /* Pods_ScreenShot.framework */ = {isa = PBXFileReference; explicitFileType = wrapper.framework; includeInIndex = 0; path = Pods_ScreenShot.framework; sourceTree = BUILT_PRODUCTS_DIR; };
		7DA297412C8045E14118D838 /* Pods-ScreenShot.release.xcconfig */ = {isa = PBXFileReference; includeInIndex = 1; lastKnownFileType = text.xcconfig; name = "Pods-ScreenShot.release.xcconfig"; path = "Pods/Target Support Files/Pods-ScreenShot/Pods-ScreenShot.release.xcconfig"; sourceTree = "<group>"; };
		8465D0F820FC437A002135DE /* ScreenShot.app */ = {isa = PBXFileReference; explicitFileType = wrapper.application; includeInIndex = 0; path = ScreenShot.app; sourceTree = BUILT_PRODUCTS_DIR; };
		8465D0FB20FC437A002135DE /* AppDelegate.swift */ = {isa = PBXFileReference; lastKnownFileType = sourcecode.swift; path = AppDelegate.swift; sourceTree = "<group>"; };
		8465D0FD20FC437A002135DE /* ViewController.swift */ = {isa = PBXFileReference; lastKnownFileType = sourcecode.swift; path = ViewController.swift; sourceTree = "<group>"; };
		8465D10020FC437A002135DE /* Base */ = {isa = PBXFileReference; lastKnownFileType = file.storyboard; name = Base; path = Base.lproj/Main.storyboard; sourceTree = "<group>"; };
		8465D10220FC437B002135DE /* Assets.xcassets */ = {isa = PBXFileReference; lastKnownFileType = folder.assetcatalog; path = Assets.xcassets; sourceTree = "<group>"; };
		8465D10520FC437B002135DE /* Base */ = {isa = PBXFileReference; lastKnownFileType = file.storyboard; name = Base; path = Base.lproj/LaunchScreen.storyboard; sourceTree = "<group>"; };
		8465D10720FC437B002135DE /* Info.plist */ = {isa = PBXFileReference; lastKnownFileType = text.plist.xml; path = Info.plist; sourceTree = "<group>"; };
		8465D10D20FC461B002135DE /* NormalScreenShotViewController.swift */ = {isa = PBXFileReference; lastKnownFileType = sourcecode.swift; path = NormalScreenShotViewController.swift; sourceTree = "<group>"; };
		8465D11120FC5D5E002135DE /* ResultViewController.swift */ = {isa = PBXFileReference; lastKnownFileType = sourcecode.swift; path = ResultViewController.swift; sourceTree = "<group>"; };
		8465D11320FC744F002135DE /* LongScreenShotViewController.swift */ = {isa = PBXFileReference; lastKnownFileType = sourcecode.swift; path = LongScreenShotViewController.swift; sourceTree = "<group>"; };
		E1D1D4E1276656E86345D417 /* Pods-ScreenShot.debug.xcconfig */ = {isa = PBXFileReference; includeInIndex = 1; lastKnownFileType = text.xcconfig; name = "Pods-ScreenShot.debug.xcconfig"; path = "Pods/Target Support Files/Pods-ScreenShot/Pods-ScreenShot.debug.xcconfig"; sourceTree = "<group>"; };
/* End PBXFileReference section */

/* Begin PBXFrameworksBuildPhase section */
		8465D0F520FC437A002135DE /* Frameworks */ = {
			isa = PBXFrameworksBuildPhase;
			buildActionMask = 2147483647;
			files = (
				977BD1E31C669A05094D87A2 /* Pods_ScreenShot.framework in Frameworks */,
			);
			runOnlyForDeploymentPostprocessing = 0;
		};
/* End PBXFrameworksBuildPhase section */

/* Begin PBXGroup section */
		51038929087843CA98369922 /* Pods */ = {
			isa = PBXGroup;
			children = (
				E1D1D4E1276656E86345D417 /* Pods-ScreenShot.debug.xcconfig */,
				7DA297412C8045E14118D838 /* Pods-ScreenShot.release.xcconfig */,
			);
			name = Pods;
			sourceTree = "<group>";
		};
		5E49797DBD097120C9DC15C1 /* Frameworks */ = {
			isa = PBXGroup;
			children = (
				247AF069E877485E071E6ADF /* Pods_ScreenShot.framework */,
			);
			name = Frameworks;
			sourceTree = "<group>";
		};
		8465D0EF20FC437A002135DE = {
			isa = PBXGroup;
			children = (
				8465D0FA20FC437A002135DE /* ScreenShot */,
				8465D0F920FC437A002135DE /* Products */,
				51038929087843CA98369922 /* Pods */,
				5E49797DBD097120C9DC15C1 /* Frameworks */,
			);
			sourceTree = "<group>";
		};
		8465D0F920FC437A002135DE /* Products */ = {
			isa = PBXGroup;
			children = (
				8465D0F820FC437A002135DE /* ScreenShot.app */,
			);
			name = Products;
			sourceTree = "<group>";
		};
		8465D0FA20FC437A002135DE /* ScreenShot */ = {
			isa = PBXGroup;
			children = (
				8465D0FB20FC437A002135DE /* AppDelegate.swift */,
				8465D0FD20FC437A002135DE /* ViewController.swift */,
				8465D10D20FC461B002135DE /* NormalScreenShotViewController.swift */,
				8465D11320FC744F002135DE /* LongScreenShotViewController.swift */,
				8465D11120FC5D5E002135DE /* ResultViewController.swift */,
				8465D0FF20FC437A002135DE /* Main.storyboard */,
				8465D10220FC437B002135DE /* Assets.xcassets */,
				8465D10420FC437B002135DE /* LaunchScreen.storyboard */,
				8465D10720FC437B002135DE /* Info.plist */,
			);
			path = ScreenShot;
			sourceTree = "<group>";
		};
/* End PBXGroup section */

/* Begin PBXNativeTarget section */
		8465D0F720FC437A002135DE /* ScreenShot */ = {
			isa = PBXNativeTarget;
			buildConfigurationList = 8465D10A20FC437B002135DE /* Build configuration list for PBXNativeTarget "ScreenShot" */;
			buildPhases = (
				03AFFDFE4DA27D8B49F418A5 /* [CP] Check Pods Manifest.lock */,
				8465D0F420FC437A002135DE /* Sources */,
				8465D0F520FC437A002135DE /* Frameworks */,
				8465D0F620FC437A002135DE /* Resources */,
				D29FC911EC2884045FDC0BAA /* [CP] Embed Pods Frameworks */,
			);
			buildRules = (
			);
			dependencies = (
			);
			name = ScreenShot;
			productName = ScreenShot;
			productReference = 8465D0F820FC437A002135DE /* ScreenShot.app */;
			productType = "com.apple.product-type.application";
		};
/* End PBXNativeTarget section */

/* Begin PBXProject section */
		8465D0F020FC437A002135DE /* Project object */ = {
			isa = PBXProject;
			attributes = {
				LastSwiftUpdateCheck = 1000;
				LastUpgradeCheck = 1000;
				ORGANIZATIONNAME = Clare320;
				TargetAttributes = {
					8465D0F720FC437A002135DE = {
						CreatedOnToolsVersion = 10.0;
					};
				};
			};
			buildConfigurationList = 8465D0F320FC437A002135DE /* Build configuration list for PBXProject "ScreenShot" */;
			compatibilityVersion = "Xcode 9.3";
			developmentRegion = en;
			hasScannedForEncodings = 0;
			knownRegions = (
				en,
				Base,
			);
			mainGroup = 8465D0EF20FC437A002135DE;
			productRefGroup = 8465D0F920FC437A002135DE /* Products */;
			projectDirPath = "";
			projectRoot = "";
			targets = (
				8465D0F720FC437A002135DE /* ScreenShot */,
			);
		};
/* End PBXProject section */

/* Begin PBXResourcesBuildPhase section */
		8465D0F620FC437A002135DE /* Resources */ = {
			isa = PBXResourcesBuildPhase;
			buildActionMask = 2147483647;
			files = (
				8465D10620FC437B002135DE /* LaunchScreen.storyboard in Resources */,
				8465D10320FC437B002135DE /* Assets.xcassets in Resources */,
				8465D10120FC437A002135DE /* Main.storyboard in Resources */,
			);
			runOnlyForDeploymentPostprocessing = 0;
		};
/* End PBXResourcesBuildPhase section */

/* Begin PBXShellScriptBuildPhase section */
		03AFFDFE4DA27D8B49F418A5 /* [CP] Check Pods Manifest.lock */ = {
			isa = PBXShellScriptBuildPhase;
			buildActionMask = 2147483647;
			files = (
			);
			inputPaths = (
				"${PODS_PODFILE_DIR_PATH}/Podfile.lock",
				"${PODS_ROOT}/Manifest.lock",
			);
			name = "[CP] Check Pods Manifest.lock";
			outputPaths = (
				"$(DERIVED_FILE_DIR)/Pods-ScreenShot-checkManifestLockResult.txt",
			);
			runOnlyForDeploymentPostprocessing = 0;
			shellPath = /bin/sh;
			shellScript = "diff \"${PODS_PODFILE_DIR_PATH}/Podfile.lock\" \"${PODS_ROOT}/Manifest.lock\" > /dev/null\nif [ $? != 0 ] ; then\n    # print error to STDERR\n    echo \"error: The sandbox is not in sync with the Podfile.lock. Run 'pod install' or update your CocoaPods installation.\" >&2\n    exit 1\nfi\n# This output is used by Xcode 'outputs' to avoid re-running this script phase.\necho \"SUCCESS\" > \"${SCRIPT_OUTPUT_FILE_0}\"\n";
			showEnvVarsInLog = 0;
		};
		D29FC911EC2884045FDC0BAA /* [CP] Embed Pods Frameworks */ = {
			isa = PBXShellScriptBuildPhase;
			buildActionMask = 2147483647;
			files = (
			);
			inputPaths = (
				"${SRCROOT}/Pods/Target Support Files/Pods-ScreenShot/Pods-ScreenShot-frameworks.sh",
				"${BUILT_PRODUCTS_DIR}/SwViewCapture/SwViewCapture.framework",
			);
			name = "[CP] Embed Pods Frameworks";
			outputPaths = (
				"${TARGET_BUILD_DIR}/${FRAMEWORKS_FOLDER_PATH}/SwViewCapture.framework",
			);
			runOnlyForDeploymentPostprocessing = 0;
			shellPath = /bin/sh;
			shellScript = "\"${SRCROOT}/Pods/Target Support Files/Pods-ScreenShot/Pods-ScreenShot-frameworks.sh\"\n";
			showEnvVarsInLog = 0;
		};
/* End PBXShellScriptBuildPhase section */

/* Begin PBXSourcesBuildPhase section */
		8465D0F420FC437A002135DE /* Sources */ = {
			isa = PBXSourcesBuildPhase;
			buildActionMask = 2147483647;
			files = (
				8465D0FE20FC437A002135DE /* ViewController.swift in Sources */,
				8465D10F20FC461B002135DE /* NormalScreenShotViewController.swift in Sources */,
				8465D0FC20FC437A002135DE /* AppDelegate.swift in Sources */,
				8465D11220FC5D5E002135DE /* ResultViewController.swift in Sources */,
				8465D11420FC744F002135DE /* LongScreenShotViewController.swift in Sources */,
			);
			runOnlyForDeploymentPostprocessing = 0;
		};
/* End PBXSourcesBuildPhase section */

/* Begin PBXVariantGroup section */
		8465D0FF20FC437A002135DE /* Main.storyboard */ = {
			isa = PBXVariantGroup;
			children = (
				8465D10020FC437A002135DE /* Base */,
			);
			name = Main.storyboard;
			sourceTree = "<group>";
		};
		8465D10420FC437B002135DE /* LaunchScreen.storyboard */ = {
			isa = PBXVariantGroup;
			children = (
				8465D10520FC437B002135DE /* Base */,
			);
			name = LaunchScreen.storyboard;
			sourceTree = "<group>";
		};
/* End PBXVariantGroup section */

/* Begin XCBuildConfiguration section */
		8465D10820FC437B002135DE /* Debug */ = {
			isa = XCBuildConfiguration;
			buildSettings = {
				ALWAYS_SEARCH_USER_PATHS = NO;
				CLANG_ANALYZER_NONNULL = YES;
				CLANG_ANALYZER_NUMBER_OBJECT_CONVERSION = YES_AGGRESSIVE;
				CLANG_CXX_LANGUAGE_STANDARD = "gnu++14";
				CLANG_CXX_LIBRARY = "libc++";
				CLANG_ENABLE_MODULES = YES;
				CLANG_ENABLE_OBJC_ARC = YES;
				CLANG_ENABLE_OBJC_WEAK = YES;
				CLANG_WARN_BLOCK_CAPTURE_AUTORELEASING = YES;
				CLANG_WARN_BOOL_CONVERSION = YES;
				CLANG_WARN_COMMA = YES;
				CLANG_WARN_CONSTANT_CONVERSION = YES;
				CLANG_WARN_DEPRECATED_OBJC_IMPLEMENTATIONS = YES;
				CLANG_WARN_DIRECT_OBJC_ISA_USAGE = YES_ERROR;
				CLANG_WARN_DOCUMENTATION_COMMENTS = YES;
				CLANG_WARN_EMPTY_BODY = YES;
				CLANG_WARN_ENUM_CONVERSION = YES;
				CLANG_WARN_INFINITE_RECURSION = YES;
				CLANG_WARN_INT_CONVERSION = YES;
				CLANG_WARN_NON_LITERAL_NULL_CONVERSION = YES;
				CLANG_WARN_OBJC_IMPLICIT_RETAIN_SELF = YES;
				CLANG_WARN_OBJC_LITERAL_CONVERSION = YES;
				CLANG_WARN_OBJC_ROOT_CLASS = YES_ERROR;
				CLANG_WARN_RANGE_LOOP_ANALYSIS = YES;
				CLANG_WARN_STRICT_PROTOTYPES = YES;
				CLANG_WARN_SUSPICIOUS_MOVE = YES;
				CLANG_WARN_UNGUARDED_AVAILABILITY = YES_AGGRESSIVE;
				CLANG_WARN_UNREACHABLE_CODE = YES;
				CLANG_WARN__DUPLICATE_METHOD_MATCH = YES;
				CODE_SIGN_IDENTITY = "iPhone Developer";
				COPY_PHASE_STRIP = NO;
				DEBUG_INFORMATION_FORMAT = dwarf;
				ENABLE_STRICT_OBJC_MSGSEND = YES;
				ENABLE_TESTABILITY = YES;
				GCC_C_LANGUAGE_STANDARD = gnu11;
				GCC_DYNAMIC_NO_PIC = NO;
				GCC_NO_COMMON_BLOCKS = YES;
				GCC_OPTIMIZATION_LEVEL = 0;
				GCC_PREPROCESSOR_DEFINITIONS = (
					"DEBUG=1",
					"$(inherited)",
				);
				GCC_WARN_64_TO_32_BIT_CONVERSION = YES;
				GCC_WARN_ABOUT_RETURN_TYPE = YES_ERROR;
				GCC_WARN_UNDECLARED_SELECTOR = YES;
				GCC_WARN_UNINITIALIZED_AUTOS = YES_AGGRESSIVE;
				GCC_WARN_UNUSED_FUNCTION = YES;
				GCC_WARN_UNUSED_VARIABLE = YES;
				IPHONEOS_DEPLOYMENT_TARGET = 12.0;
				MTL_ENABLE_DEBUG_INFO = INCLUDE_SOURCE;
				ONLY_ACTIVE_ARCH = YES;
				SDKROOT = iphoneos;
				SWIFT_ACTIVE_COMPILATION_CONDITIONS = DEBUG;
				SWIFT_OPTIMIZATION_LEVEL = "-Onone";
			};
			name = Debug;
		};
		8465D10920FC437B002135DE /* Release */ = {
			isa = XCBuildConfiguration;
			buildSettings = {
				ALWAYS_SEARCH_USER_PATHS = NO;
				CLANG_ANALYZER_NONNULL = YES;
				CLANG_ANALYZER_NUMBER_OBJECT_CONVERSION = YES_AGGRESSIVE;
				CLANG_CXX_LANGUAGE_STANDARD = "gnu++14";
				CLANG_CXX_LIBRARY = "libc++";
				CLANG_ENABLE_MODULES = YES;
				CLANG_ENABLE_OBJC_ARC = YES;
				CLANG_ENABLE_OBJC_WEAK = YES;
				CLANG_WARN_BLOCK_CAPTURE_AUTORELEASING = YES;
				CLANG_WARN_BOOL_CONVERSION = YES;
				CLANG_WARN_COMMA = YES;
				CLANG_WARN_CONSTANT_CONVERSION = YES;
				CLANG_WARN_DEPRECATED_OBJC_IMPLEMENTATIONS = YES;
				CLANG_WARN_DIRECT_OBJC_ISA_USAGE = YES_ERROR;
				CLANG_WARN_DOCUMENTATION_COMMENTS = YES;
				CLANG_WARN_EMPTY_BODY = YES;
				CLANG_WARN_ENUM_CONVERSION = YES;
				CLANG_WARN_INFINITE_RECURSION = YES;
				CLANG_WARN_INT_CONVERSION = YES;
				CLANG_WARN_NON_LITERAL_NULL_CONVERSION = YES;
				CLANG_WARN_OBJC_IMPLICIT_RETAIN_SELF = YES;
				CLANG_WARN_OBJC_LITERAL_CONVERSION = YES;
				CLANG_WARN_OBJC_ROOT_CLASS = YES_ERROR;
				CLANG_WARN_RANGE_LOOP_ANALYSIS = YES;
				CLANG_WARN_STRICT_PROTOTYPES = YES;
				CLANG_WARN_SUSPICIOUS_MOVE = YES;
				CLANG_WARN_UNGUARDED_AVAILABILITY = YES_AGGRESSIVE;
				CLANG_WARN_UNREACHABLE_CODE = YES;
				CLANG_WARN__DUPLICATE_METHOD_MATCH = YES;
				CODE_SIGN_IDENTITY = "iPhone Developer";
				COPY_PHASE_STRIP = NO;
				DEBUG_INFORMATION_FORMAT = "dwarf-with-dsym";
				ENABLE_NS_ASSERTIONS = NO;
				ENABLE_STRICT_OBJC_MSGSEND = YES;
				GCC_C_LANGUAGE_STANDARD = gnu11;
				GCC_NO_COMMON_BLOCKS = YES;
				GCC_WARN_64_TO_32_BIT_CONVERSION = YES;
				GCC_WARN_ABOUT_RETURN_TYPE = YES_ERROR;
				GCC_WARN_UNDECLARED_SELECTOR = YES;
				GCC_WARN_UNINITIALIZED_AUTOS = YES_AGGRESSIVE;
				GCC_WARN_UNUSED_FUNCTION = YES;
				GCC_WARN_UNUSED_VARIABLE = YES;
				IPHONEOS_DEPLOYMENT_TARGET = 12.0;
				MTL_ENABLE_DEBUG_INFO = NO;
				SDKROOT = iphoneos;
				SWIFT_COMPILATION_MODE = wholemodule;
				SWIFT_OPTIMIZATION_LEVEL = "-O";
				VALIDATE_PRODUCT = YES;
			};
			name = Release;
		};
		8465D10B20FC437B002135DE /* Debug */ = {
			isa = XCBuildConfiguration;
			baseConfigurationReference = E1D1D4E1276656E86345D417 /* Pods-ScreenShot.debug.xcconfig */;
			buildSettings = {
				ASSETCATALOG_COMPILER_APPICON_NAME = AppIcon;
				CODE_SIGN_STYLE = Automatic;
				DEVELOPMENT_TEAM = XBFA334TD8;
				INFOPLIST_FILE = ScreenShot/Info.plist;
				LD_RUNPATH_SEARCH_PATHS = "$(inherited) @executable_path/Frameworks";
				PRODUCT_BUNDLE_IDENTIFIER = Clare320.ScreenShot;
				PRODUCT_NAME = "$(TARGET_NAME)";
				SWIFT_VERSION = 4.2;
				TARGETED_DEVICE_FAMILY = "1,2";
			};
			name = Debug;
		};
		8465D10C20FC437B002135DE /* Release */ = {
			isa = XCBuildConfiguration;
			baseConfigurationReference = 7DA297412C8045E14118D838 /* Pods-ScreenShot.release.xcconfig */;
			buildSettings = {
				ASSETCATALOG_COMPILER_APPICON_NAME = AppIcon;
				CODE_SIGN_STYLE = Automatic;
				DEVELOPMENT_TEAM = XBFA334TD8;
				INFOPLIST_FILE = ScreenShot/Info.plist;
				LD_RUNPATH_SEARCH_PATHS = "$(inherited) @executable_path/Frameworks";
				PRODUCT_BUNDLE_IDENTIFIER = Clare320.ScreenShot;
				PRODUCT_NAME = "$(TARGET_NAME)";
				SWIFT_VERSION = 4.2;
				TARGETED_DEVICE_FAMILY = "1,2";
			};
			name = Release;
		};
/* End XCBuildConfiguration section */

/* Begin XCConfigurationList section */
		8465D0F320FC437A002135DE /* Build configuration list for PBXProject "ScreenShot" */ = {
			isa = XCConfigurationList;
			buildConfigurations = (
				8465D10820FC437B002135DE /* Debug */,
				8465D10920FC437B002135DE /* Release */,
			);
			defaultConfigurationIsVisible = 0;
			defaultConfigurationName = Release;
		};
		8465D10A20FC437B002135DE /* Build configuration list for PBXNativeTarget "ScreenShot" */ = {
			isa = XCConfigurationList;
			buildConfigurations = (
				8465D10B20FC437B002135DE /* Debug */,
				8465D10C20FC437B002135DE /* Release */,
			);
			defaultConfigurationIsVisible = 0;
			defaultConfigurationName = Release;
		};
/* End XCConfigurationList section */
	};
	rootObject = 8465D0F020FC437A002135DE /* Project object */;
}
